
Microsoft Visual Studio Solution File, Format Version 12.00
# Visual Studio Version 16
VisualStudioVersion = 16.0.31702.278
MinimumVisualStudioVersion = 10.0.40219.1
Project("{FAE04EC0-301F-11D3-BF4B-00C04F79EFBC}") = "1_Caja de texto autovalidante", "1_Caja de texto autovalidante\1_Caja de texto autovalidante.csproj", "{EE8A9616-7BB4-47F0-80A6-D5B425D2804D}"
EndProject
Global
	GlobalSection(SolutionConfigurationPlatforms) = preSolution
		Debug|Any CPU = Debug|Any CPU
		Release|Any CPU = Release|Any CPU
	EndGlobalSection
	GlobalSection(ProjectConfigurationPlatforms) = postSolution
		{EE8A9616-7BB4-47F0-80A6-D5B425D2804D}.Debug|Any CPU.ActiveCfg = Debug|Any CPU
		{EE8A9616-7BB4-47F0-80A6-D5B425D2804D}.Debug|Any CPU.Build.0 = Debug|Any CPU
		{EE8A9616-7BB4-47F0-80A6-D5B425D2804D}.Release|Any CPU.ActiveCfg = Release|Any CPU
		{EE8A9616-7BB4-47F0-80A6-D5B425D2804D}.Release|Any CPU.Build.0 = Release|Any CPU
	EndGlobalSection
	GlobalSection(SolutionProperties) = preSolution
		HideSolutionNode = FALSE
	EndGlobalSection
	GlobalSection(ExtensibilityGlobals) = postSolution
		SolutionGuid = {D9F2A4DA-4CF1-4D19-AACD-07AD8E9974A2}
	EndGlobalSection
EndGlobal
